<?xml version="1.0" encoding="utf-8"?>
<Project ToolsVersion="4.0" xmlns="http://schemas.microsoft.com/developer/msbuild/2003">
  <ItemGroup>
    <Filter Include="Source Files">
      <UniqueIdentifier>{4FC737F1-C7A5-4376-A066-2A32D752A2FF}</UniqueIdentifier>
      <Extensions>cpp;c;cc;cxx;def;odl;idl;hpj;bat;asm;asmx</Extensions>
    </Filter>
    <Filter Include="Header Files">
      <UniqueIdentifier>{93995380-89BD-4b04-88EB-625FBE52EBFB}</UniqueIdentifier>
      <Extensions>h;hh;hpp;hxx;hm;inl;inc;xsd</Extensions>
    </Filter>
    <Filter Include="Resource Files">
      <UniqueIdentifier>{67DA6AB6-F800-4c08-8B7A-83BB121AAD01}</UniqueIdentifier>
      <Extensions>rc;ico;cur;bmp;dlg;rc2;rct;bin;rgs;gif;jpg;jpeg;jpe;resx;tiff;tif;png;wav;mfcribbon-ms</Extensions>
    </Filter>
  </ItemGroup>
  <ItemGroup>
    <None Include="polargraph_serverGP.ino" />
    <None Include="calibrate.ino" />
    <None Include="comms.ino" />
    <None Include="configuration.ino" />
    <None Include="curves.ino" />
    <None Include="eeprom.ino" />
    <None Include="exec.ino" />
    <None Include="impl_ps.ino" />
    <None Include="msg.ino" />
    <None Include="penlift.ino" />
    <None Include="pixel.ino" />
    <None Include="rove.ino" />
    <None Include="sprite.ino" />
    <None Include="util.ino" />
    <None Include="ylcd.ino" />
    <None Include="sd_utils.ino" />
  </ItemGroup>
  <ItemGroup>
    <ClInclude Include="__vm\.polargraph_serverGP.vsarduino.h">
      <Filter>Header Files</Filter>
    </ClInclude>
    <ClInclude Include="EEPROMAnything.h">
      <Filter>Header Files</Filter>
    </ClInclude>
  </ItemGroup>
</Project>